
Microsoft Visual Studio Solution File, Format Version 12.00
# Visual Studio Version 17
VisualStudioVersion = 17.11.35327.3
MinimumVisualStudioVersion = 10.0.40219.1
Project("{FAE04EC0-301F-11D3-BF4B-00C04F79EFBC}") = "WYLang parser", "Parser\WYLang parser.csproj", "{CA3B31AA-7B53-4C2E-A739-0EE4C76D20DD}"
EndProject
Global
	GlobalSection(SolutionConfigurationPlatforms) = preSolution
		Debug|Any CPU = Debug|Any CPU
		Release|Any CPU = Release|Any CPU
	EndGlobalSection
	GlobalSection(ProjectConfigurationPlatforms) = postSolution
		{CA3B31AA-7B53-4C2E-A739-0EE4C76D20DD}.Debug|Any CPU.ActiveCfg = Debug|Any CPU
		{CA3B31AA-7B53-4C2E-A739-0EE4C76D20DD}.Debug|Any CPU.Build.0 = Debug|Any CPU
		{CA3B31AA-7B53-4C2E-A739-0EE4C76D20DD}.Release|Any CPU.ActiveCfg = Release|Any CPU
		{CA3B31AA-7B53-4C2E-A739-0EE4C76D20DD}.Release|Any CPU.Build.0 = Release|Any CPU
	EndGlobalSection
	GlobalSection(SolutionProperties) = preSolution
		HideSolutionNode = FALSE
	EndGlobalSection
	GlobalSection(ExtensibilityGlobals) = postSolution
		SolutionGuid = {67D167D3-90A2-43EF-8AB5-90D03869BE59}
	EndGlobalSection
EndGlobal
